
Microsoft Visual Studio Solution File, Format Version 12.00
# Visual Studio Version 16
VisualStudioVersion = 16.0.29001.49
MinimumVisualStudioVersion = 10.0.40219.1
Project("{FAE04EC0-301F-11D3-BF4B-00C04F79EFBC}") = "Battle", "Battle.csproj", "{487B62A6-4498-4D54-9A7D-D08FAC5A0C3B}"
EndProject
Global
	GlobalSection(SolutionConfigurationPlatforms) = preSolution
		Debug|Any CPU = Debug|Any CPU
		Release|Any CPU = Release|Any CPU
	EndGlobalSection
	GlobalSection(ProjectConfigurationPlatforms) = postSolution
		{487B62A6-4498-4D54-9A7D-D08FAC5A0C3B}.Debug|Any CPU.ActiveCfg = Debug|Any CPU
		{487B62A6-4498-4D54-9A7D-D08FAC5A0C3B}.Debug|Any CPU.Build.0 = Debug|Any CPU
		{487B62A6-4498-4D54-9A7D-D08FAC5A0C3B}.Release|Any CPU.ActiveCfg = Release|Any CPU
		{487B62A6-4498-4D54-9A7D-D08FAC5A0C3B}.Release|Any CPU.Build.0 = Release|Any CPU
	EndGlobalSection
	GlobalSection(SolutionProperties) = preSolution
		HideSolutionNode = FALSE
	EndGlobalSection
	GlobalSection(ExtensibilityGlobals) = postSolution
		SolutionGuid = {BDAB3E7A-228D-45E5-B109-779A52824FFF}
	EndGlobalSection
EndGlobal
